dependencies:
- name: postgresql-ha
  repository: https://charts.bitnami.com/bitnami
  version: 13.2.1
- name: redis-cluster
  repository: https://charts.bitnami.com/bitnami
  version: 9.5.2
digest: sha256:a8c937fd92c7a7d917ffa3f2d7aa28d375d7df9d054231192e69ae04914d7fd6
generated: "2024-02-15T18:26:30.97690474+01:00"
